
Microsoft Visual Studio Solution File, Format Version 12.00
# Visual Studio Version 17
VisualStudioVersion = 17.5.002.0
MinimumVisualStudioVersion = 10.0.40219.1
Project("{9A19103F-16F7-4668-BE54-9A1E7A4F7556}") = "tictactoe", "tictactoe.csproj", "{70440ACA-0845-4E97-A23A-993EB6117BF6}"
EndProject
Global
	GlobalSection(SolutionConfigurationPlatforms) = preSolution
		Debug|Any CPU = Debug|Any CPU
		Release|Any CPU = Release|Any CPU
	EndGlobalSection
	GlobalSection(ProjectConfigurationPlatforms) = postSolution
		{70440ACA-0845-4E97-A23A-993EB6117BF6}.Debug|Any CPU.ActiveCfg = Debug|Any CPU
		{70440ACA-0845-4E97-A23A-993EB6117BF6}.Debug|Any CPU.Build.0 = Debug|Any CPU
		{70440ACA-0845-4E97-A23A-993EB6117BF6}.Release|Any CPU.ActiveCfg = Release|Any CPU
		{70440ACA-0845-4E97-A23A-993EB6117BF6}.Release|Any CPU.Build.0 = Release|Any CPU
	EndGlobalSection
	GlobalSection(SolutionProperties) = preSolution
		HideSolutionNode = FALSE
	EndGlobalSection
	GlobalSection(ExtensibilityGlobals) = postSolution
		SolutionGuid = {D5A56B46-5363-4C12-919F-D5ECEEF0F491}
	EndGlobalSection
EndGlobal
